
Microsoft Visual Studio Solution File, Format Version 10.00
# Visual Studio 2008
Project("{FAE04EC0-301F-11D3-BF4B-00C04F79EFBC}") = "Microsoft.Xna.Framework", "src\Microsoft.Xna.Framework\Microsoft.Xna.Framework.csproj", "{46FFE266-DAC6-4CBC-9DDF-1A4CC094F701}"
EndProject
Project("{FAE04EC0-301F-11D3-BF4B-00C04F79EFBC}") = "Microsoft.Xna.Framework.Game", "src\Microsoft.Xna.Framework.Game\Microsoft.Xna.Framework.Game.csproj", "{3683434E-94E4-4225-A3CA-E7390CF51B48}"
EndProject
Project("{FAE04EC0-301F-11D3-BF4B-00C04F79EFBC}") = "Microsoft.Xna.Framework.Content.Pipeline", "src\Microsoft.Xna.Framework.Content.Pipeline\Microsoft.Xna.Framework.Content.Pipeline.csproj", "{2B43FFD0-D80F-4D49-9CF7-2B2A2E674C49}"
EndProject
Project("{FAE04EC0-301F-11D3-BF4B-00C04F79EFBC}") = "Microsoft.Xna.Framework.Content.Pipeline.AudioImporters", "src\Microsoft.Xna.Framework.Content.Pipeline.AudioImporters\Microsoft.Xna.Framework.Content.Pipeline.AudioImporters.csproj", "{C7972ACB-AD49-47AF-BBEB-F41872D5917F}"
EndProject
Project("{FAE04EC0-301F-11D3-BF4B-00C04F79EFBC}") = "Microsoft.Xna.Framework.Content.Pipeline.EffectImporter", "src\Microsoft.Xna.Framework.Content.Pipeline.EffectImporter\Microsoft.Xna.Framework.Content.Pipeline.EffectImporter.csproj", "{C9EE8612-A08A-4D32-9274-09C2E2444A7E}"
EndProject
Project("{FAE04EC0-301F-11D3-BF4B-00C04F79EFBC}") = "Microsoft.Xna.Framework.Content.Pipeline.FBXImporter", "src\Microsoft.Xna.Framework.Content.Pipeline.FBXImporter\Microsoft.Xna.Framework.Content.Pipeline.FBXImporter.csproj", "{133C3985-1089-46F8-934F-6DDEBA1197A6}"
EndProject
Project("{FAE04EC0-301F-11D3-BF4B-00C04F79EFBC}") = "Microsoft.Xna.Framework.Content.Pipeline.TextureImporter", "src\Microsoft.Xna.Framework.Content.Pipeline.TextureImporter\Microsoft.Xna.Framework.Content.Pipeline.TextureImporter.csproj", "{AE4BBD8B-794A-4D25-BEB4-B708EF38A9E9}"
EndProject
Project("{FAE04EC0-301F-11D3-BF4B-00C04F79EFBC}") = "Microsoft.Xna.Framework.Content.Pipeline.XImporter", "src\Microsoft.Xna.Framework.Content.Pipeline.XImporter\Microsoft.Xna.Framework.Content.Pipeline.XImporter.csproj", "{ACEE1140-133D-4F03-9B14-B4A625291922}"
EndProject
Project("{FAE04EC0-301F-11D3-BF4B-00C04F79EFBC}") = "MonoDevelop.Xna", "src\MonoDevelop.Xna\MonoDevelop.Xna.csproj", "{FC6A627F-E91A-49F2-92A2-5922A63C047D}"
EndProject
Project("{FAE04EC0-301F-11D3-BF4B-00C04F79EFBC}") = "Tests", "tests\Tests.csproj", "{A386789A-F38E-423A-BEB0-2A7A30094F22}"
EndProject
Global
	GlobalSection(SolutionConfigurationPlatforms) = preSolution
		Debug_Dotnet|x86 = Debug_Dotnet|x86
		Debug|x86 = Debug|x86
		Release_Dotnet|x86 = Release_Dotnet|x86
		Release|x86 = Release|x86
		Test_Dotnet|x86 = Test_Dotnet|x86
		Test|x86 = Test|x86
	EndGlobalSection
	GlobalSection(ProjectConfigurationPlatforms) = postSolution
		{46FFE266-DAC6-4CBC-9DDF-1A4CC094F701}.Debug_Dotnet|x86.ActiveCfg = Debug_Dotnet|x86
		{46FFE266-DAC6-4CBC-9DDF-1A4CC094F701}.Debug_Dotnet|x86.Build.0 = Debug_Dotnet|x86
		{46FFE266-DAC6-4CBC-9DDF-1A4CC094F701}.Debug|x86.ActiveCfg = Debug|x86
		{46FFE266-DAC6-4CBC-9DDF-1A4CC094F701}.Debug|x86.Build.0 = Debug|x86
		{46FFE266-DAC6-4CBC-9DDF-1A4CC094F701}.Release_Dotnet|x86.ActiveCfg = Release_Dotnet|x86
		{46FFE266-DAC6-4CBC-9DDF-1A4CC094F701}.Release_Dotnet|x86.Build.0 = Release_Dotnet|x86
		{46FFE266-DAC6-4CBC-9DDF-1A4CC094F701}.Release|x86.ActiveCfg = Release|x86
		{46FFE266-DAC6-4CBC-9DDF-1A4CC094F701}.Release|x86.Build.0 = Release|x86
		{46FFE266-DAC6-4CBC-9DDF-1A4CC094F701}.Test_Dotnet|x86.ActiveCfg = Test_Dotnet|x86
		{46FFE266-DAC6-4CBC-9DDF-1A4CC094F701}.Test_Dotnet|x86.Build.0 = Test_Dotnet|x86
		{46FFE266-DAC6-4CBC-9DDF-1A4CC094F701}.Test|x86.ActiveCfg = Test|x86
		{46FFE266-DAC6-4CBC-9DDF-1A4CC094F701}.Test|x86.Build.0 = Test|x86
		{3683434E-94E4-4225-A3CA-E7390CF51B48}.Debug_Dotnet|x86.ActiveCfg = Debug_Dotnet|x86
		{3683434E-94E4-4225-A3CA-E7390CF51B48}.Debug_Dotnet|x86.Build.0 = Debug_Dotnet|x86
		{3683434E-94E4-4225-A3CA-E7390CF51B48}.Debug|x86.ActiveCfg = Debug|Any CPU
		{3683434E-94E4-4225-A3CA-E7390CF51B48}.Debug|x86.Build.0 = Debug|Any CPU
		{3683434E-94E4-4225-A3CA-E7390CF51B48}.Release_Dotnet|x86.ActiveCfg = Release_Dotnet|Any CPU
		{3683434E-94E4-4225-A3CA-E7390CF51B48}.Release_Dotnet|x86.Build.0 = Release_Dotnet|Any CPU
		{3683434E-94E4-4225-A3CA-E7390CF51B48}.Release|x86.ActiveCfg = Release|Any CPU
		{3683434E-94E4-4225-A3CA-E7390CF51B48}.Release|x86.Build.0 = Release|Any CPU
		{3683434E-94E4-4225-A3CA-E7390CF51B48}.Test_Dotnet|x86.ActiveCfg = Test_Dotnet|Any CPU
		{3683434E-94E4-4225-A3CA-E7390CF51B48}.Test_Dotnet|x86.Build.0 = Test_Dotnet|Any CPU
		{3683434E-94E4-4225-A3CA-E7390CF51B48}.Test|x86.ActiveCfg = Test|Any CPU
		{3683434E-94E4-4225-A3CA-E7390CF51B48}.Test|x86.Build.0 = Test|Any CPU
		{2B43FFD0-D80F-4D49-9CF7-2B2A2E674C49}.Debug_Dotnet|x86.ActiveCfg = Debug_Dotnet|x86
		{2B43FFD0-D80F-4D49-9CF7-2B2A2E674C49}.Debug_Dotnet|x86.Build.0 = Debug_Dotnet|x86
		{2B43FFD0-D80F-4D49-9CF7-2B2A2E674C49}.Debug|x86.ActiveCfg = Debug|Any CPU
		{2B43FFD0-D80F-4D49-9CF7-2B2A2E674C49}.Debug|x86.Build.0 = Debug|Any CPU
		{2B43FFD0-D80F-4D49-9CF7-2B2A2E674C49}.Release_Dotnet|x86.ActiveCfg = Release_Dotnet|Any CPU
		{2B43FFD0-D80F-4D49-9CF7-2B2A2E674C49}.Release_Dotnet|x86.Build.0 = Release_Dotnet|Any CPU
		{2B43FFD0-D80F-4D49-9CF7-2B2A2E674C49}.Release|x86.ActiveCfg = Release|Any CPU
		{2B43FFD0-D80F-4D49-9CF7-2B2A2E674C49}.Release|x86.Build.0 = Release|Any CPU
		{2B43FFD0-D80F-4D49-9CF7-2B2A2E674C49}.Test_Dotnet|x86.ActiveCfg = Test_Dotnet|Any CPU
		{2B43FFD0-D80F-4D49-9CF7-2B2A2E674C49}.Test_Dotnet|x86.Build.0 = Test_Dotnet|Any CPU
		{2B43FFD0-D80F-4D49-9CF7-2B2A2E674C49}.Test|x86.ActiveCfg = Test|Any CPU
		{2B43FFD0-D80F-4D49-9CF7-2B2A2E674C49}.Test|x86.Build.0 = Test|Any CPU
		{C7972ACB-AD49-47AF-BBEB-F41872D5917F}.Debug_Dotnet|x86.ActiveCfg = Debug_Dotnet|x86
		{C7972ACB-AD49-47AF-BBEB-F41872D5917F}.Debug_Dotnet|x86.Build.0 = Debug_Dotnet|x86
		{C7972ACB-AD49-47AF-BBEB-F41872D5917F}.Debug|x86.ActiveCfg = Debug|Any CPU
		{C7972ACB-AD49-47AF-BBEB-F41872D5917F}.Debug|x86.Build.0 = Debug|Any CPU
		{C7972ACB-AD49-47AF-BBEB-F41872D5917F}.Release_Dotnet|x86.ActiveCfg = Release_Dotnet|Any CPU
		{C7972ACB-AD49-47AF-BBEB-F41872D5917F}.Release_Dotnet|x86.Build.0 = Release_Dotnet|Any CPU
		{C7972ACB-AD49-47AF-BBEB-F41872D5917F}.Release|x86.ActiveCfg = Release|Any CPU
		{C7972ACB-AD49-47AF-BBEB-F41872D5917F}.Release|x86.Build.0 = Release|Any CPU
		{C7972ACB-AD49-47AF-BBEB-F41872D5917F}.Test_Dotnet|x86.ActiveCfg = Test_Dotnet|Any CPU
		{C7972ACB-AD49-47AF-BBEB-F41872D5917F}.Test_Dotnet|x86.Build.0 = Test_Dotnet|Any CPU
		{C7972ACB-AD49-47AF-BBEB-F41872D5917F}.Test|x86.ActiveCfg = Test|Any CPU
		{C7972ACB-AD49-47AF-BBEB-F41872D5917F}.Test|x86.Build.0 = Test|Any CPU
		{C9EE8612-A08A-4D32-9274-09C2E2444A7E}.Debug_Dotnet|x86.ActiveCfg = Debug_Dotnet|x86
		{C9EE8612-A08A-4D32-9274-09C2E2444A7E}.Debug_Dotnet|x86.Build.0 = Debug_Dotnet|x86
		{C9EE8612-A08A-4D32-9274-09C2E2444A7E}.Debug|x86.ActiveCfg = Debug|Any CPU
		{C9EE8612-A08A-4D32-9274-09C2E2444A7E}.Debug|x86.Build.0 = Debug|Any CPU
		{C9EE8612-A08A-4D32-9274-09C2E2444A7E}.Release_Dotnet|x86.ActiveCfg = Release_Dotnet|Any CPU
		{C9EE8612-A08A-4D32-9274-09C2E2444A7E}.Release_Dotnet|x86.Build.0 = Release_Dotnet|Any CPU
		{C9EE8612-A08A-4D32-9274-09C2E2444A7E}.Release|x86.ActiveCfg = Release|Any CPU
		{C9EE8612-A08A-4D32-9274-09C2E2444A7E}.Release|x86.Build.0 = Release|Any CPU
		{C9EE8612-A08A-4D32-9274-09C2E2444A7E}.Test_Dotnet|x86.ActiveCfg = Test_Dotnet|Any CPU
		{C9EE8612-A08A-4D32-9274-09C2E2444A7E}.Test_Dotnet|x86.Build.0 = Test_Dotnet|Any CPU
		{C9EE8612-A08A-4D32-9274-09C2E2444A7E}.Test|x86.ActiveCfg = Test|Any CPU
		{C9EE8612-A08A-4D32-9274-09C2E2444A7E}.Test|x86.Build.0 = Test|Any CPU
		{133C3985-1089-46F8-934F-6DDEBA1197A6}.Debug_Dotnet|x86.ActiveCfg = Debug_Dotnet|x86
		{133C3985-1089-46F8-934F-6DDEBA1197A6}.Debug_Dotnet|x86.Build.0 = Debug_Dotnet|x86
		{133C3985-1089-46F8-934F-6DDEBA1197A6}.Debug|x86.ActiveCfg = Debug|Any CPU
		{133C3985-1089-46F8-934F-6DDEBA1197A6}.Debug|x86.Build.0 = Debug|Any CPU
		{133C3985-1089-46F8-934F-6DDEBA1197A6}.Release_Dotnet|x86.ActiveCfg = Release_Dotnet|Any CPU
		{133C3985-1089-46F8-934F-6DDEBA1197A6}.Release_Dotnet|x86.Build.0 = Release_Dotnet|Any CPU
		{133C3985-1089-46F8-934F-6DDEBA1197A6}.Release|x86.ActiveCfg = Release|Any CPU
		{133C3985-1089-46F8-934F-6DDEBA1197A6}.Release|x86.Build.0 = Release|Any CPU
		{133C3985-1089-46F8-934F-6DDEBA1197A6}.Test_Dotnet|x86.ActiveCfg = Test_Dotnet|Any CPU
		{133C3985-1089-46F8-934F-6DDEBA1197A6}.Test_Dotnet|x86.Build.0 = Test_Dotnet|Any CPU
		{133C3985-1089-46F8-934F-6DDEBA1197A6}.Test|x86.ActiveCfg = Test|Any CPU
		{133C3985-1089-46F8-934F-6DDEBA1197A6}.Test|x86.Build.0 = Test|Any CPU
		{AE4BBD8B-794A-4D25-BEB4-B708EF38A9E9}.Debug_Dotnet|x86.ActiveCfg = Debug_Dotnet|x86
		{AE4BBD8B-794A-4D25-BEB4-B708EF38A9E9}.Debug_Dotnet|x86.Build.0 = Debug_Dotnet|x86
		{AE4BBD8B-794A-4D25-BEB4-B708EF38A9E9}.Debug|x86.ActiveCfg = Debug|Any CPU
		{AE4BBD8B-794A-4D25-BEB4-B708EF38A9E9}.Debug|x86.Build.0 = Debug|Any CPU
		{AE4BBD8B-794A-4D25-BEB4-B708EF38A9E9}.Release_Dotnet|x86.ActiveCfg = Release_Dotnet|Any CPU
		{AE4BBD8B-794A-4D25-BEB4-B708EF38A9E9}.Release_Dotnet|x86.Build.0 = Release_Dotnet|Any CPU
		{AE4BBD8B-794A-4D25-BEB4-B708EF38A9E9}.Release|x86.ActiveCfg = Release|Any CPU
		{AE4BBD8B-794A-4D25-BEB4-B708EF38A9E9}.Release|x86.Build.0 = Release|Any CPU
		{AE4BBD8B-794A-4D25-BEB4-B708EF38A9E9}.Test_Dotnet|x86.ActiveCfg = Test_Dotnet|Any CPU
		{AE4BBD8B-794A-4D25-BEB4-B708EF38A9E9}.Test_Dotnet|x86.Build.0 = Test_Dotnet|Any CPU
		{AE4BBD8B-794A-4D25-BEB4-B708EF38A9E9}.Test|x86.ActiveCfg = Test|Any CPU
		{AE4BBD8B-794A-4D25-BEB4-B708EF38A9E9}.Test|x86.Build.0 = Test|Any CPU
		{ACEE1140-133D-4F03-9B14-B4A625291922}.Debug_Dotnet|x86.ActiveCfg = Debug_Dotnet|x86
		{ACEE1140-133D-4F03-9B14-B4A625291922}.Debug_Dotnet|x86.Build.0 = Debug_Dotnet|x86
		{ACEE1140-133D-4F03-9B14-B4A625291922}.Debug|x86.ActiveCfg = Debug|Any CPU
		{ACEE1140-133D-4F03-9B14-B4A625291922}.Debug|x86.Build.0 = Debug|Any CPU
		{ACEE1140-133D-4F03-9B14-B4A625291922}.Release_Dotnet|x86.ActiveCfg = Release_Dotnet|Any CPU
		{ACEE1140-133D-4F03-9B14-B4A625291922}.Release_Dotnet|x86.Build.0 = Release_Dotnet|Any CPU
		{ACEE1140-133D-4F03-9B14-B4A625291922}.Release|x86.ActiveCfg = Release|Any CPU
		{ACEE1140-133D-4F03-9B14-B4A625291922}.Release|x86.Build.0 = Release|Any CPU
		{ACEE1140-133D-4F03-9B14-B4A625291922}.Test_Dotnet|x86.ActiveCfg = Test_Dotnet|Any CPU
		{ACEE1140-133D-4F03-9B14-B4A625291922}.Test_Dotnet|x86.Build.0 = Test_Dotnet|Any CPU
		{ACEE1140-133D-4F03-9B14-B4A625291922}.Test|x86.ActiveCfg = Test|Any CPU
		{ACEE1140-133D-4F03-9B14-B4A625291922}.Test|x86.Build.0 = Test|Any CPU
		{FC6A627F-E91A-49F2-92A2-5922A63C047D}.Debug_Dotnet|x86.ActiveCfg = Debug_Dotnet|x86
		{FC6A627F-E91A-49F2-92A2-5922A63C047D}.Debug_Dotnet|x86.Build.0 = Debug_Dotnet|x86
		{FC6A627F-E91A-49F2-92A2-5922A63C047D}.Debug|x86.ActiveCfg = Debug|Any CPU
		{FC6A627F-E91A-49F2-92A2-5922A63C047D}.Debug|x86.Build.0 = Debug|Any CPU
		{FC6A627F-E91A-49F2-92A2-5922A63C047D}.Release_Dotnet|x86.ActiveCfg = Release_Dotnet|Any CPU
		{FC6A627F-E91A-49F2-92A2-5922A63C047D}.Release_Dotnet|x86.Build.0 = Release_Dotnet|Any CPU
		{FC6A627F-E91A-49F2-92A2-5922A63C047D}.Release|x86.ActiveCfg = Release|Any CPU
		{FC6A627F-E91A-49F2-92A2-5922A63C047D}.Release|x86.Build.0 = Release|Any CPU
		{FC6A627F-E91A-49F2-92A2-5922A63C047D}.Test_Dotnet|x86.ActiveCfg = Test_Dotnet|Any CPU
		{FC6A627F-E91A-49F2-92A2-5922A63C047D}.Test_Dotnet|x86.Build.0 = Test_Dotnet|Any CPU
		{FC6A627F-E91A-49F2-92A2-5922A63C047D}.Test|x86.ActiveCfg = Test|Any CPU
		{FC6A627F-E91A-49F2-92A2-5922A63C047D}.Test|x86.Build.0 = Test|Any CPU
		{A386789A-F38E-423A-BEB0-2A7A30094F22}.Debug_Dotnet|x86.ActiveCfg = Debug_Dotnet|x86
		{A386789A-F38E-423A-BEB0-2A7A30094F22}.Debug|x86.ActiveCfg = Debug|Any CPU
		{A386789A-F38E-423A-BEB0-2A7A30094F22}.Release_Dotnet|x86.ActiveCfg = Release_Dotnet|Any CPU
		{A386789A-F38E-423A-BEB0-2A7A30094F22}.Release|x86.ActiveCfg = Release|Any CPU
		{A386789A-F38E-423A-BEB0-2A7A30094F22}.Test_Dotnet|x86.ActiveCfg = Test_Dotnet|Any CPU
		{A386789A-F38E-423A-BEB0-2A7A30094F22}.Test_Dotnet|x86.Build.0 = Test_Dotnet|Any CPU
		{A386789A-F38E-423A-BEB0-2A7A30094F22}.Test|x86.ActiveCfg = Test|Any CPU
		{A386789A-F38E-423A-BEB0-2A7A30094F22}.Test|x86.Build.0 = Test|Any CPU
	EndGlobalSection
	GlobalSection(SolutionProperties) = preSolution
		HideSolutionNode = FALSE
	EndGlobalSection
	GlobalSection(MonoDevelopProperties) = preSolution
		version = 3.1
		outputpath = bin
		StartupItem = src\Microsoft.Xna.Framework\Microsoft.Xna.Framework.csproj
		Policies = $0
		$0.DotNetNamingPolicy = $1
		$1.DirectoryNamespaceAssociation = None
		$1.ResourceNamePolicy = FileFormatDefault
		$0.TextStylePolicy = $2
		$2.inheritsSet = null
		$2.scope = text/x-csharp
		$0.CSharpFormattingPolicy = $3
		$3.inheritsSet = Mono
		$3.inheritsScope = text/x-csharp
		$3.scope = text/x-csharp
		$0.TextStylePolicy = $4
		$4.EolMarker = Native
		$4.inheritsSet = Invariant
		$4.inheritsScope = text/plain
		$4.scope = text/plain
		$0.TextStylePolicy = $5
		$5.inheritsSet = null
		$5.scope = application/x-extension-pub
		$0.TextStylePolicy = $6
		$6.inheritsSet = null
		$6.scope = application/x-addin+xml
		$0.TextStylePolicy = $7
		$7.inheritsSet = null
		$7.scope = application/xml
		$0.StandardHeader = $8
		$8.Text = 
		$8.inheritsSet = MITX11License
		$0.VersionControlPolicy = $9
		$9.inheritsSet = Mono
		$0.ChangeLogPolicy = $10
		$10.UpdateMode = None
		$10.MessageStyle = $11
		$11.LineAlign = 0
		$10.inheritsSet = Mono
	EndGlobalSection
EndGlobal
